
Microsoft Visual Studio Solution File, Format Version 12.00
# Visual Studio Version 16
VisualStudioVersion = 16.0.30621.155
MinimumVisualStudioVersion = 10.0.40219.1
Project("{FAE04EC0-301F-11D3-BF4B-00C04F79EFBC}") = "ZazaInc", "ZazaInc\ZazaInc.csproj", "{848C6BEF-162D-474B-BA63-A14BA442A364}"
EndProject
Global
	GlobalSection(SolutionConfigurationPlatforms) = preSolution
		Debug|Any CPU = Debug|Any CPU
		Release|Any CPU = Release|Any CPU
	EndGlobalSection
	GlobalSection(ProjectConfigurationPlatforms) = postSolution
		{848C6BEF-162D-474B-BA63-A14BA442A364}.Debug|Any CPU.ActiveCfg = Debug|Any CPU
		{848C6BEF-162D-474B-BA63-A14BA442A364}.Debug|Any CPU.Build.0 = Debug|Any CPU
		{848C6BEF-162D-474B-BA63-A14BA442A364}.Release|Any CPU.ActiveCfg = Release|Any CPU
		{848C6BEF-162D-474B-BA63-A14BA442A364}.Release|Any CPU.Build.0 = Release|Any CPU
	EndGlobalSection
	GlobalSection(SolutionProperties) = preSolution
		HideSolutionNode = FALSE
	EndGlobalSection
	GlobalSection(ExtensibilityGlobals) = postSolution
		SolutionGuid = {8250844E-49D5-4930-B027-90BF9E31A7F5}
	EndGlobalSection
EndGlobal
